# THIS IS AN AUTOGENERATED FILE. DO NOT EDIT THIS FILE DIRECTLY.
# yarn lockfile v1


angular-animate@^1.6.6:
  version "1.6.6"
  resolved "https://registry.yarnpkg.com/angular-animate/-/angular-animate-1.6.6.tgz#6925647b141a040d241bf125040f1a150fcd8a70"

angular-aria@^1.6.6:
  version "1.6.6"
  resolved "https://registry.yarnpkg.com/angular-aria/-/angular-aria-1.6.6.tgz#58dd748e09564bc8409f739bde57b35fbee5b6a5"

angular-material@^1.1.5:
  version "1.1.5"
  resolved "https://registry.yarnpkg.com/angular-material/-/angular-material-1.1.5.tgz#a5450cd8205e15a7691edc389476094cf86d592b"

angular-messages@^1.6.6:
  version "1.6.6"
  resolved "https://registry.yarnpkg.com/angular-messages/-/angular-messages-1.6.6.tgz#a9bb3fc5f971d745cd3a3bdbaabc6f1f4deb13f3"

angular@^1.6.6:
  version "1.6.6"
  resolved "https://registry.yarnpkg.com/angular/-/angular-1.6.6.tgz#fd5a3cfb437ce382d854ee01120797978527cb64"

bootstrap@4.0.0-beta:
  version "4.0.0-beta"
  resolved "https://registry.yarnpkg.com/bootstrap/-/bootstrap-4.0.0-beta.tgz#dc5928175d2e71310bc668cf9e05a907211b72a6"

jquery@^3.2.1:
  version "3.2.1"
  resolved "https://registry.yarnpkg.com/jquery/-/jquery-3.2.1.tgz#5c4d9de652af6cd0a770154a631bba12b015c787"
